
Microsoft Visual Studio Solution File, Format Version 12.00
# Visual Studio Version 16
VisualStudioVersion = 16.0.30621.155
MinimumVisualStudioVersion = 10.0.40219.1
Project("{FAE04EC0-301F-11D3-BF4B-00C04F79EFBC}") = "static_vs_instance", "static_vs_instance\static_vs_instance.csproj", "{FD936A47-2A8C-490B-9DCF-34AC777477EA}"
EndProject
Global
	GlobalSection(SolutionConfigurationPlatforms) = preSolution
		Debug|Any CPU = Debug|Any CPU
		Release|Any CPU = Release|Any CPU
	EndGlobalSection
	GlobalSection(ProjectConfigurationPlatforms) = postSolution
		{FD936A47-2A8C-490B-9DCF-34AC777477EA}.Debug|Any CPU.ActiveCfg = Debug|Any CPU
		{FD936A47-2A8C-490B-9DCF-34AC777477EA}.Debug|Any CPU.Build.0 = Debug|Any CPU
		{FD936A47-2A8C-490B-9DCF-34AC777477EA}.Release|Any CPU.ActiveCfg = Release|Any CPU
		{FD936A47-2A8C-490B-9DCF-34AC777477EA}.Release|Any CPU.Build.0 = Release|Any CPU
	EndGlobalSection
	GlobalSection(SolutionProperties) = preSolution
		HideSolutionNode = FALSE
	EndGlobalSection
	GlobalSection(ExtensibilityGlobals) = postSolution
		SolutionGuid = {C6BDB1E4-0AFE-4445-8A76-D61EF3A9A4D4}
	EndGlobalSection
EndGlobal
